{
  "lockfileVersion": 1,
  "configVersion": 1,
  "workspaces": {
    "": {
      "name": "jack-template",
      "devDependencies": {
        "@cloudflare/workers-types": "^4.20241205.0",
        "typescript": "^5.0.0",
      },
    },
  },
  "packages": {
    "@cloudflare/workers-types": ["@cloudflare/workers-types@4.20260120.0", "", {}, "sha512-B8pueG+a5S+mdK3z8oKu1ShcxloZ7qWb68IEyLLaepvdryIbNC7JVPcY0bWsjS56UQVKc5fnyRge3yZIwc9bxw=="],

    "typescript": ["typescript@5.9.3", "", { "bin": { "tsc": "bin/tsc", "tsserver": "bin/tsserver" } }, "sha512-jl1vZzPDinLr9eUt3J/t7V6FgNEw9QjvBPdysz9KfQDD41fQrC2Y4vKQdiaUpFT4bXlb1RHhLpp8wtm6M5TgSw=="],
  }
}
